{
  "version": 4,
  "terraform_version": "1.7.5",
  "serial": 1,
  "lineage": "3c6a3ec8-2ba0-a14b-183a-708b338e34be",
  "outputs": {},
  "resources": [
    {
      "mode": "managed",
      "type": "local_file",
      "name": "sample_res",
      "provider": "provider[\"registry.terraform.io/hashicorp/local\"]",
      "instances": [
        {
          "schema_version": 0,
          "attributes": {
            "content": "I love TF!!!",
            "content_base64": null,
            "content_base64sha256": "it0fVlOETXhMGoYw5Lch57yXzQDz4PFi/BtmOzAgw2M=",
            "content_base64sha512": "iumd5sPVhGeP029t9vxWvEcC0mdX7qi+N380xE2ilghQxa4jM2z2VRp3TjVzF2TdWSViBX2sBpEYtWI5U6HI9w==",
            "content_md5": "eceedb2c2b2003f6fcbe48bfd26ab225",
            "content_sha1": "799f1fdd62e0c7b1c24c6dfcbf43d09222d69d2a",
            "content_sha256": "8add1f5653844d784c1a8630e4b721e7bc97cd00f3e0f162fc1b663b3020c363",
            "content_sha512": "8ae99de6c3d584678fd36f6df6fc56bc4702d26757eea8be377f34c44da2960850c5ae23336cf6551a774e35731764dd592562057dac069118b5623953a1c8f7",
            "directory_permission": "0777",
            "file_permission": "0777",
            "filename": "sample.txt",
            "id": "799f1fdd62e0c7b1c24c6dfcbf43d09222d69d2a",
            "sensitive_content": null,
            "source": null
          },
          "sensitive_attributes": []
        }
      ]
    }
  ],
  "check_results": null
}
