{
  "version": 4,
  "terraform_version": "1.7.5",
  "serial": 1,
  "lineage": "38439332-97c9-3280-50c8-ca5093bf2c8e",
  "outputs": {},
  "resources": [
    {
      "mode": "managed",
      "type": "random_integer",
      "name": "rint",
      "provider": "provider[\"registry.terraform.io/hashicorp/random\"]",
      "instances": [
        {
          "schema_version": 0,
          "attributes": {
            "id": "57",
            "keepers": null,
            "max": 70,
            "min": 50,
            "result": 57,
            "seed": null
          },
          "sensitive_attributes": []
        }
      ]
    }
  ],
  "check_results": null
}
