{
  "version": 4,
  "terraform_version": "1.7.5",
  "serial": 1,
  "lineage": "7c3cb59d-b7e7-d933-1795-e43e030377cc",
  "outputs": {},
  "resources": [
    {
      "mode": "managed",
      "type": "local_file",
      "name": "aws_res",
      "provider": "provider[\"registry.terraform.io/hashicorp/local\"]",
      "instances": [
        {
          "schema_version": 0,
          "attributes": {
            "content": "I love AWS!!!",
            "content_base64": null,
            "content_base64sha256": "PTdiKKgxwkrD6BgXWMiHizbWr9pw8kaLTUb23qMuHJI=",
            "content_base64sha512": "x/R7YT6E2tUA+i8ULaB+K5dFXvJKA/i2M8lWnRdm2zugW+LlZo6MbHgV5HdyFcszmNkw38R5YkKv7/jPQSj4/w==",
            "content_md5": "3f3f4bacaa8da1deebf341a9ce2affaa",
            "content_sha1": "cad13abbbb1b1dd19a465fa59722b2e2f4072906",
            "content_sha256": "3d376228a831c24ac3e8181758c8878b36d6afda70f2468b4d46f6dea32e1c92",
            "content_sha512": "c7f47b613e84dad500fa2f142da07e2b97455ef24a03f8b633c9569d1766db3ba05be2e5668e8c6c7815e4777215cb3398d930dfc4796242afeff8cf4128f8ff",
            "directory_permission": "0777",
            "file_permission": "0777",
            "filename": "aws.txt",
            "id": "cad13abbbb1b1dd19a465fa59722b2e2f4072906",
            "sensitive_content": null,
            "source": null
          },
          "sensitive_attributes": []
        }
      ]
    },
    {
      "mode": "managed",
      "type": "local_file",
      "name": "azure_res",
      "provider": "provider[\"registry.terraform.io/hashicorp/local\"]",
      "instances": [
        {
          "schema_version": 0,
          "attributes": {
            "content": "I love Azure!!!",
            "content_base64": null,
            "content_base64sha256": "VjC3sND2leONywWiJhWgPI30qTM00oBHc2nAhwKmkbs=",
            "content_base64sha512": "P64JQcyDsCzD+v/SiA188rCnij3T2lHbSu0GLSyY0dak3N8/xsmDEocvOh1doUMWZk4HwiGaRqrM2VH45gp1lA==",
            "content_md5": "358615da56712b9ec9d98df853329b6d",
            "content_sha1": "69f9fb376ed34ccf680f2c6a5f03ee06d9067f7a",
            "content_sha256": "5630b7b0d0f695e38dcb05a22615a03c8df4a93334d280477369c08702a691bb",
            "content_sha512": "3fae0941cc83b02cc3faffd2880d7cf2b0a78a3dd3da51db4aed062d2c98d1d6a4dcdf3fc6c98312872f3a1d5da14316664e07c2219a46aaccd951f8e60a7594",
            "directory_permission": "0777",
            "file_permission": "0777",
            "filename": "azure.txt",
            "id": "69f9fb376ed34ccf680f2c6a5f03ee06d9067f7a",
            "sensitive_content": null,
            "source": null
          },
          "sensitive_attributes": []
        }
      ]
    },
    {
      "mode": "managed",
      "type": "local_file",
      "name": "tf_res",
      "provider": "provider[\"registry.terraform.io/hashicorp/local\"]",
      "instances": [
        {
          "schema_version": 0,
          "attributes": {
            "content": "I love TF!!!",
            "content_base64": null,
            "content_base64sha256": "it0fVlOETXhMGoYw5Lch57yXzQDz4PFi/BtmOzAgw2M=",
            "content_base64sha512": "iumd5sPVhGeP029t9vxWvEcC0mdX7qi+N380xE2ilghQxa4jM2z2VRp3TjVzF2TdWSViBX2sBpEYtWI5U6HI9w==",
            "content_md5": "eceedb2c2b2003f6fcbe48bfd26ab225",
            "content_sha1": "799f1fdd62e0c7b1c24c6dfcbf43d09222d69d2a",
            "content_sha256": "8add1f5653844d784c1a8630e4b721e7bc97cd00f3e0f162fc1b663b3020c363",
            "content_sha512": "8ae99de6c3d584678fd36f6df6fc56bc4702d26757eea8be377f34c44da2960850c5ae23336cf6551a774e35731764dd592562057dac069118b5623953a1c8f7",
            "directory_permission": "0777",
            "file_permission": "0777",
            "filename": "tf.txt",
            "id": "799f1fdd62e0c7b1c24c6dfcbf43d09222d69d2a",
            "sensitive_content": null,
            "source": null
          },
          "sensitive_attributes": []
        }
      ]
    }
  ],
  "check_results": null
}
